{
  "name": "blackjack",
  "version": "1.0.0",
  "lockfileVersion": 1,
  "requires": true,
  "dependencies": {
    "electron-package": {
      "version": "0.1.0",
      "resolved": "https://registry.npmjs.org/electron-package/-/electron-package-0.1.0.tgz",
      "integrity": "sha1-0jVgmhuRzejfxS6zdzHMGc1vCDY=",
      "dev": true
    }
  }
}
